
Microsoft Visual Studio Solution File, Format Version 12.00
# Visual Studio Version 16
VisualStudioVersion = 16.0.29326.143
MinimumVisualStudioVersion = 10.0.40219.1
Project("{FAE04EC0-301F-11D3-BF4B-00C04F79EFBC}") = "FirstWebTestApp", "FirstWebTestApp\FirstWebTestApp.csproj", "{224116B2-BE8D-4A1F-B917-AB6654B61800}"
EndProject
Global
	GlobalSection(SolutionConfigurationPlatforms) = preSolution
		Debug|Any CPU = Debug|Any CPU
		Release|Any CPU = Release|Any CPU
	EndGlobalSection
	GlobalSection(ProjectConfigurationPlatforms) = postSolution
		{224116B2-BE8D-4A1F-B917-AB6654B61800}.Debug|Any CPU.ActiveCfg = Debug|Any CPU
		{224116B2-BE8D-4A1F-B917-AB6654B61800}.Debug|Any CPU.Build.0 = Debug|Any CPU
		{224116B2-BE8D-4A1F-B917-AB6654B61800}.Release|Any CPU.ActiveCfg = Release|Any CPU
		{224116B2-BE8D-4A1F-B917-AB6654B61800}.Release|Any CPU.Build.0 = Release|Any CPU
	EndGlobalSection
	GlobalSection(SolutionProperties) = preSolution
		HideSolutionNode = FALSE
	EndGlobalSection
	GlobalSection(ExtensibilityGlobals) = postSolution
		SolutionGuid = {5FCC9BEE-ABB9-4D7B-9AB2-EB80BF73282D}
	EndGlobalSection
EndGlobal
