
Microsoft Visual Studio Solution File, Format Version 12.00
# Visual Studio Version 16
VisualStudioVersion = 16.0.30804.86
MinimumVisualStudioVersion = 10.0.40219.1
Project("{9A19103F-16F7-4668-BE54-9A1E7A4F7556}") = "WorkingWithFile", "WorkingWithFile\WorkingWithFile.csproj", "{620751E9-9482-4505-9AF9-9274C77BE66E}"
EndProject
Project("{FAE04EC0-301F-11D3-BF4B-00C04F79EFBC}") = "TestStopwatch", "TestStopwatch\TestStopwatch.csproj", "{868A88AC-0F7B-40F1-A855-022E82687824}"
EndProject
Global
	GlobalSection(SolutionConfigurationPlatforms) = preSolution
		Debug|Any CPU = Debug|Any CPU
		Release|Any CPU = Release|Any CPU
	EndGlobalSection
	GlobalSection(ProjectConfigurationPlatforms) = postSolution
		{620751E9-9482-4505-9AF9-9274C77BE66E}.Debug|Any CPU.ActiveCfg = Debug|Any CPU
		{620751E9-9482-4505-9AF9-9274C77BE66E}.Debug|Any CPU.Build.0 = Debug|Any CPU
		{620751E9-9482-4505-9AF9-9274C77BE66E}.Release|Any CPU.ActiveCfg = Release|Any CPU
		{620751E9-9482-4505-9AF9-9274C77BE66E}.Release|Any CPU.Build.0 = Release|Any CPU
		{868A88AC-0F7B-40F1-A855-022E82687824}.Debug|Any CPU.ActiveCfg = Debug|Any CPU
		{868A88AC-0F7B-40F1-A855-022E82687824}.Debug|Any CPU.Build.0 = Debug|Any CPU
		{868A88AC-0F7B-40F1-A855-022E82687824}.Release|Any CPU.ActiveCfg = Release|Any CPU
		{868A88AC-0F7B-40F1-A855-022E82687824}.Release|Any CPU.Build.0 = Release|Any CPU
	EndGlobalSection
	GlobalSection(SolutionProperties) = preSolution
		HideSolutionNode = FALSE
	EndGlobalSection
	GlobalSection(ExtensibilityGlobals) = postSolution
		SolutionGuid = {99F23F5A-9C08-4B9F-9040-B7FF64161275}
	EndGlobalSection
EndGlobal
