
Microsoft Visual Studio Solution File, Format Version 12.00
# Visual Studio Version 16
VisualStudioVersion = 16.0.29326.143
MinimumVisualStudioVersion = 10.0.40219.1
Project("{FAE04EC0-301F-11D3-BF4B-00C04F79EFBC}") = "FirstTestProject", "FirstTestProject\FirstTestProject.csproj", "{A9FA51EF-3E0F-469A-8E8E-C28C270951E6}"
EndProject
Global
	GlobalSection(SolutionConfigurationPlatforms) = preSolution
		Debug|Any CPU = Debug|Any CPU
		Release|Any CPU = Release|Any CPU
	EndGlobalSection
	GlobalSection(ProjectConfigurationPlatforms) = postSolution
		{A9FA51EF-3E0F-469A-8E8E-C28C270951E6}.Debug|Any CPU.ActiveCfg = Debug|Any CPU
		{A9FA51EF-3E0F-469A-8E8E-C28C270951E6}.Debug|Any CPU.Build.0 = Debug|Any CPU
		{A9FA51EF-3E0F-469A-8E8E-C28C270951E6}.Release|Any CPU.ActiveCfg = Release|Any CPU
		{A9FA51EF-3E0F-469A-8E8E-C28C270951E6}.Release|Any CPU.Build.0 = Release|Any CPU
	EndGlobalSection
	GlobalSection(SolutionProperties) = preSolution
		HideSolutionNode = FALSE
	EndGlobalSection
	GlobalSection(ExtensibilityGlobals) = postSolution
		SolutionGuid = {C005C4E5-84B8-47D5-92CF-916021D4A7E7}
	EndGlobalSection
EndGlobal
