
Microsoft Visual Studio Solution File, Format Version 12.00
# Visual Studio Version 16
VisualStudioVersion = 16.0.30621.155
MinimumVisualStudioVersion = 10.0.40219.1
Project("{FAE04EC0-301F-11D3-BF4B-00C04F79EFBC}") = "Day23_properties", "Day23_properties\Day23_properties.csproj", "{5F31EAC3-B83F-4184-BAD5-F524F14ED8B4}"
EndProject
Project("{FAE04EC0-301F-11D3-BF4B-00C04F79EFBC}") = "Day23_Movie", "Day23_Movie\Day23_Movie.csproj", "{2F0A0228-2494-4B36-A738-EE1D47B2C203}"
EndProject
Project("{FAE04EC0-301F-11D3-BF4B-00C04F79EFBC}") = "Day23_Mom", "Day23_Mom\Day23_Mom.csproj", "{E249D351-5410-43F3-9301-53CBED6EEFD6}"
EndProject
Global
	GlobalSection(SolutionConfigurationPlatforms) = preSolution
		Debug|Any CPU = Debug|Any CPU
		Release|Any CPU = Release|Any CPU
	EndGlobalSection
	GlobalSection(ProjectConfigurationPlatforms) = postSolution
		{5F31EAC3-B83F-4184-BAD5-F524F14ED8B4}.Debug|Any CPU.ActiveCfg = Debug|Any CPU
		{5F31EAC3-B83F-4184-BAD5-F524F14ED8B4}.Debug|Any CPU.Build.0 = Debug|Any CPU
		{5F31EAC3-B83F-4184-BAD5-F524F14ED8B4}.Release|Any CPU.ActiveCfg = Release|Any CPU
		{5F31EAC3-B83F-4184-BAD5-F524F14ED8B4}.Release|Any CPU.Build.0 = Release|Any CPU
		{2F0A0228-2494-4B36-A738-EE1D47B2C203}.Debug|Any CPU.ActiveCfg = Debug|Any CPU
		{2F0A0228-2494-4B36-A738-EE1D47B2C203}.Debug|Any CPU.Build.0 = Debug|Any CPU
		{2F0A0228-2494-4B36-A738-EE1D47B2C203}.Release|Any CPU.ActiveCfg = Release|Any CPU
		{2F0A0228-2494-4B36-A738-EE1D47B2C203}.Release|Any CPU.Build.0 = Release|Any CPU
		{E249D351-5410-43F3-9301-53CBED6EEFD6}.Debug|Any CPU.ActiveCfg = Debug|Any CPU
		{E249D351-5410-43F3-9301-53CBED6EEFD6}.Debug|Any CPU.Build.0 = Debug|Any CPU
		{E249D351-5410-43F3-9301-53CBED6EEFD6}.Release|Any CPU.ActiveCfg = Release|Any CPU
		{E249D351-5410-43F3-9301-53CBED6EEFD6}.Release|Any CPU.Build.0 = Release|Any CPU
	EndGlobalSection
	GlobalSection(SolutionProperties) = preSolution
		HideSolutionNode = FALSE
	EndGlobalSection
	GlobalSection(ExtensibilityGlobals) = postSolution
		SolutionGuid = {814603A9-2AAF-42BF-9910-D50FA8C1A832}
	EndGlobalSection
EndGlobal
