
Microsoft Visual Studio Solution File, Format Version 12.00
# Visual Studio Version 16
VisualStudioVersion = 16.0.30621.155
MinimumVisualStudioVersion = 10.0.40219.1
Project("{FAE04EC0-301F-11D3-BF4B-00C04F79EFBC}") = "Day23_properties", "Day23_properties\Day23_properties.csproj", "{5F31EAC3-B83F-4184-BAD5-F524F14ED8B4}"
EndProject
Global
	GlobalSection(SolutionConfigurationPlatforms) = preSolution
		Debug|Any CPU = Debug|Any CPU
		Release|Any CPU = Release|Any CPU
	EndGlobalSection
	GlobalSection(ProjectConfigurationPlatforms) = postSolution
		{5F31EAC3-B83F-4184-BAD5-F524F14ED8B4}.Debug|Any CPU.ActiveCfg = Debug|Any CPU
		{5F31EAC3-B83F-4184-BAD5-F524F14ED8B4}.Debug|Any CPU.Build.0 = Debug|Any CPU
		{5F31EAC3-B83F-4184-BAD5-F524F14ED8B4}.Release|Any CPU.ActiveCfg = Release|Any CPU
		{5F31EAC3-B83F-4184-BAD5-F524F14ED8B4}.Release|Any CPU.Build.0 = Release|Any CPU
	EndGlobalSection
	GlobalSection(SolutionProperties) = preSolution
		HideSolutionNode = FALSE
	EndGlobalSection
	GlobalSection(ExtensibilityGlobals) = postSolution
		SolutionGuid = {814603A9-2AAF-42BF-9910-D50FA8C1A832}
	EndGlobalSection
EndGlobal
