
Microsoft Visual Studio Solution File, Format Version 12.00
# Visual Studio Version 16
VisualStudioVersion = 16.0.30621.155
MinimumVisualStudioVersion = 10.0.40219.1
Project("{FAE04EC0-301F-11D3-BF4B-00C04F79EFBC}") = "Day15_methods_vol1", "Day15_methods_vol1\Day15_methods_vol1.csproj", "{42430CEB-CDCE-4337-B8CA-226932950546}"
EndProject
Project("{FAE04EC0-301F-11D3-BF4B-00C04F79EFBC}") = "Day15_methods_vol1_optimized", "Day15_methods_vol1_optimized\Day15_methods_vol1_optimized.csproj", "{2CB196F3-71B2-4362-8ED8-39BFEEDFC93B}"
EndProject
Global
	GlobalSection(SolutionConfigurationPlatforms) = preSolution
		Debug|Any CPU = Debug|Any CPU
		Release|Any CPU = Release|Any CPU
	EndGlobalSection
	GlobalSection(ProjectConfigurationPlatforms) = postSolution
		{42430CEB-CDCE-4337-B8CA-226932950546}.Debug|Any CPU.ActiveCfg = Debug|Any CPU
		{42430CEB-CDCE-4337-B8CA-226932950546}.Debug|Any CPU.Build.0 = Debug|Any CPU
		{42430CEB-CDCE-4337-B8CA-226932950546}.Release|Any CPU.ActiveCfg = Release|Any CPU
		{42430CEB-CDCE-4337-B8CA-226932950546}.Release|Any CPU.Build.0 = Release|Any CPU
		{2CB196F3-71B2-4362-8ED8-39BFEEDFC93B}.Debug|Any CPU.ActiveCfg = Debug|Any CPU
		{2CB196F3-71B2-4362-8ED8-39BFEEDFC93B}.Debug|Any CPU.Build.0 = Debug|Any CPU
		{2CB196F3-71B2-4362-8ED8-39BFEEDFC93B}.Release|Any CPU.ActiveCfg = Release|Any CPU
		{2CB196F3-71B2-4362-8ED8-39BFEEDFC93B}.Release|Any CPU.Build.0 = Release|Any CPU
	EndGlobalSection
	GlobalSection(SolutionProperties) = preSolution
		HideSolutionNode = FALSE
	EndGlobalSection
	GlobalSection(ExtensibilityGlobals) = postSolution
		SolutionGuid = {F06F098B-F3F1-4393-A579-1E5419C0444B}
	EndGlobalSection
EndGlobal
