
Microsoft Visual Studio Solution File, Format Version 12.00
# Visual Studio Version 16
VisualStudioVersion = 16.0.29326.143
MinimumVisualStudioVersion = 10.0.40219.1
Project("{FAE04EC0-301F-11D3-BF4B-00C04F79EFBC}") = "Day1_recap", "Day1_recap\Day1_recap.csproj", "{158277AD-DFAF-48CC-968B-553F5E1020E6}"
EndProject
Project("{FAE04EC0-301F-11D3-BF4B-00C04F79EFBC}") = "Day2_dataTypes", "Day2_dataTypes\Day2_dataTypes.csproj", "{B846933F-406C-4139-A126-1C9A893E246B}"
EndProject
Global
	GlobalSection(SolutionConfigurationPlatforms) = preSolution
		Debug|Any CPU = Debug|Any CPU
		Release|Any CPU = Release|Any CPU
	EndGlobalSection
	GlobalSection(ProjectConfigurationPlatforms) = postSolution
		{158277AD-DFAF-48CC-968B-553F5E1020E6}.Debug|Any CPU.ActiveCfg = Debug|Any CPU
		{158277AD-DFAF-48CC-968B-553F5E1020E6}.Debug|Any CPU.Build.0 = Debug|Any CPU
		{158277AD-DFAF-48CC-968B-553F5E1020E6}.Release|Any CPU.ActiveCfg = Release|Any CPU
		{158277AD-DFAF-48CC-968B-553F5E1020E6}.Release|Any CPU.Build.0 = Release|Any CPU
		{B846933F-406C-4139-A126-1C9A893E246B}.Debug|Any CPU.ActiveCfg = Debug|Any CPU
		{B846933F-406C-4139-A126-1C9A893E246B}.Debug|Any CPU.Build.0 = Debug|Any CPU
		{B846933F-406C-4139-A126-1C9A893E246B}.Release|Any CPU.ActiveCfg = Release|Any CPU
		{B846933F-406C-4139-A126-1C9A893E246B}.Release|Any CPU.Build.0 = Release|Any CPU
	EndGlobalSection
	GlobalSection(SolutionProperties) = preSolution
		HideSolutionNode = FALSE
	EndGlobalSection
	GlobalSection(ExtensibilityGlobals) = postSolution
		SolutionGuid = {45081B84-2E74-478D-9941-0335D84726E6}
	EndGlobalSection
EndGlobal
